{
  "name": "legislacion",
  "lockfileVersion": 3,
  "requires": true,
  "packages": {
    "": {
      "dependencies": {
        "simple-datatables": "^10.3.0"
      }
    },
    "node_modules/dayjs": {
      "version": "1.11.23",
      "resolved": "https://registry.npmjs.org/dayjs/-/dayjs-1.11.23.tgz",
      "integrity": "sha512-QDTCU0M0MxR3hQfnlDJfwekQiaanm1ubOD231u73WBckQ/fsamwRLiE2GBz6D3a/xF1NgfiDLJjXBa1hYOYTtQ==",
      "license": "MIT"
    },
    "node_modules/diff-dom": {
      "version": "5.2.1",
      "resolved": "https://registry.npmjs.org/diff-dom/-/diff-dom-5.2.1.tgz",
      "integrity": "sha512-G6WquwIa/XOxiYDYRMxfJj+c+a6LXMv7zgXoAQ3eRjTYkc8Lc4Aq97krTu/B15r243FR7dyeSxDenzKtO6sbfA==",
      "license": "LGPL-3.0"
    },
    "node_modules/simple-datatables": {
      "version": "10.3.0",
      "resolved": "https://registry.npmjs.org/simple-datatables/-/simple-datatables-10.3.0.tgz",
      "integrity": "sha512-/9XcZ/AzZWYNMTTwUcUqsNhZXD1KIHg4tWCUhRx5qPDOnRVG2gNdRDR1euNTCbQxfAypu78ucgWc/BOMFfuxAQ==",
      "license": "LGPL-3.0",
      "dependencies": {
        "dayjs": "^1.11.21",
        "diff-dom": "5.2.1"
      }
    }
  }
}
